// !$*UTF8*$!
{
	archiveVersion = 1;
	classes = {
	};
	objectVersion = 50;
	objects = {

/* Begin PBXBuildFile section */
		80879F38241FF977006B5BBD /* AppDelegate.m in Sources */ = {isa = PBXBuildFile; fileRef = 80879F37241FF977006B5BBD /* AppDelegate.m */; };
		80879F3B241FF977006B5BBD /* SceneDelegate.m in Sources */ = {isa = PBXBuildFile; fileRef = 80879F3A241FF977006B5BBD /* SceneDelegate.m */; };
		80879F3E241FF977006B5BBD /* ViewController.m in Sources */ = {isa = PBXBuildFile; fileRef = 80879F3D241FF977006B5BBD /* ViewController.m */; };
		80879F41241FF977006B5BBD /* Main.storyboard in Resources */ = {isa = PBXBuildFile; fileRef = 80879F3F241FF977006B5BBD /* Main.storyboard */; };
		80879F43241FF979006B5BBD /* Assets.xcassets in Resources */ = {isa = PBXBuildFile; fileRef = 80879F42241FF979006B5BBD /* Assets.xcassets */; };
		80879F46241FF979006B5BBD /* LaunchScreen.storyboard in Resources */ = {isa = PBXBuildFile; fileRef = 80879F44241FF979006B5BBD /* LaunchScreen.storyboard */; };
		80879F49241FF979006B5BBD /* main.m in Sources */ = {isa = PBXBuildFile; fileRef = 80879F48241FF979006B5BBD /* main.m */; };
		C00EB5B62420061F000E0D2B /* MovieDetails.storyboard in Resources */ = {isa = PBXBuildFile; fileRef = C00EB5B52420061F000E0D2B /* MovieDetails.storyboard */; };
		C00EB5B924200C70000E0D2B /* MovieDetailsViewController.m in Sources */ = {isa = PBXBuildFile; fileRef = C00EB5B824200C70000E0D2B /* MovieDetailsViewController.m */; };
		C06C18A524228B8E00460D4A /* MovieDetailsAPIRequest.m in Sources */ = {isa = PBXBuildFile; fileRef = C06C18A424228B8E00460D4A /* MovieDetailsAPIRequest.m */; };
		C06C18A724228BA700460D4A /* MovieDetailsModel.m in Sources */ = {isa = PBXBuildFile; fileRef = C06C18A624228BA700460D4A /* MovieDetailsModel.m */; };
/* End PBXBuildFile section */

/* Begin PBXFileReference section */
		80879F33241FF977006B5BBD /* ObjectiveCMovieDB.app */ = {isa = PBXFileReference; explicitFileType = wrapper.application; includeInIndex = 0; path = ObjectiveCMovieDB.app; sourceTree = BUILT_PRODUCTS_DIR; };
		80879F36241FF977006B5BBD /* AppDelegate.h */ = {isa = PBXFileReference; lastKnownFileType = sourcecode.c.h; path = AppDelegate.h; sourceTree = "<group>"; };
		80879F37241FF977006B5BBD /* AppDelegate.m */ = {isa = PBXFileReference; lastKnownFileType = sourcecode.c.objc; path = AppDelegate.m; sourceTree = "<group>"; };
		80879F39241FF977006B5BBD /* SceneDelegate.h */ = {isa = PBXFileReference; lastKnownFileType = sourcecode.c.h; path = SceneDelegate.h; sourceTree = "<group>"; };
		80879F3A241FF977006B5BBD /* SceneDelegate.m */ = {isa = PBXFileReference; lastKnownFileType = sourcecode.c.objc; path = SceneDelegate.m; sourceTree = "<group>"; };
		80879F3C241FF977006B5BBD /* ViewController.h */ = {isa = PBXFileReference; lastKnownFileType = sourcecode.c.h; path = ViewController.h; sourceTree = "<group>"; };
		80879F3D241FF977006B5BBD /* ViewController.m */ = {isa = PBXFileReference; lastKnownFileType = sourcecode.c.objc; path = ViewController.m; sourceTree = "<group>"; };
		80879F40241FF977006B5BBD /* Base */ = {isa = PBXFileReference; lastKnownFileType = file.storyboard; name = Base; path = Base.lproj/Main.storyboard; sourceTree = "<group>"; };
		80879F42241FF979006B5BBD /* Assets.xcassets */ = {isa = PBXFileReference; lastKnownFileType = folder.assetcatalog; path = Assets.xcassets; sourceTree = "<group>"; };
		80879F45241FF979006B5BBD /* Base */ = {isa = PBXFileReference; lastKnownFileType = file.storyboard; name = Base; path = Base.lproj/LaunchScreen.storyboard; sourceTree = "<group>"; };
		80879F47241FF979006B5BBD /* Info.plist */ = {isa = PBXFileReference; lastKnownFileType = text.plist.xml; path = Info.plist; sourceTree = "<group>"; };
		80879F48241FF979006B5BBD /* main.m */ = {isa = PBXFileReference; lastKnownFileType = sourcecode.c.objc; path = main.m; sourceTree = "<group>"; };
		C00EB5B52420061F000E0D2B /* MovieDetails.storyboard */ = {isa = PBXFileReference; lastKnownFileType = file.storyboard; path = MovieDetails.storyboard; sourceTree = "<group>"; };
		C00EB5B724200907000E0D2B /* MovieDetailsViewController.h */ = {isa = PBXFileReference; lastKnownFileType = sourcecode.c.h; path = MovieDetailsViewController.h; sourceTree = "<group>"; };
		C00EB5B824200C70000E0D2B /* MovieDetailsViewController.m */ = {isa = PBXFileReference; lastKnownFileType = sourcecode.c.objc; path = MovieDetailsViewController.m; sourceTree = "<group>"; };
		C06C18A424228B8E00460D4A /* MovieDetailsAPIRequest.m */ = {isa = PBXFileReference; lastKnownFileType = sourcecode.c.objc; path = MovieDetailsAPIRequest.m; sourceTree = "<group>"; };
		C06C18A624228BA700460D4A /* MovieDetailsModel.m */ = {isa = PBXFileReference; lastKnownFileType = sourcecode.c.objc; path = MovieDetailsModel.m; sourceTree = "<group>"; };
		C06C18A824228D8800460D4A /* MovieDetailsAPIRequest.h */ = {isa = PBXFileReference; lastKnownFileType = sourcecode.c.h; path = MovieDetailsAPIRequest.h; sourceTree = "<group>"; };
		C06C18A9242291EF00460D4A /* MovieDetailsModel.h */ = {isa = PBXFileReference; lastKnownFileType = sourcecode.c.h; path = MovieDetailsModel.h; sourceTree = "<group>"; };
/* End PBXFileReference section */

/* Begin PBXFrameworksBuildPhase section */
		80879F30241FF977006B5BBD /* Frameworks */ = {
			isa = PBXFrameworksBuildPhase;
			buildActionMask = 2147483647;
			files = (
			);
			runOnlyForDeploymentPostprocessing = 0;
		};
/* End PBXFrameworksBuildPhase section */

/* Begin PBXGroup section */
		80879F2A241FF977006B5BBD = {
			isa = PBXGroup;
			children = (
				80879F35241FF977006B5BBD /* ObjectiveCMovieDB */,
				80879F34241FF977006B5BBD /* Products */,
			);
			sourceTree = "<group>";
		};
		80879F34241FF977006B5BBD /* Products */ = {
			isa = PBXGroup;
			children = (
				80879F33241FF977006B5BBD /* ObjectiveCMovieDB.app */,
			);
			name = Products;
			sourceTree = "<group>";
		};
		80879F35241FF977006B5BBD /* ObjectiveCMovieDB */ = {
			isa = PBXGroup;
			children = (
				C06C189F24228A3B00460D4A /* Movie Details Screen */,
				80879F36241FF977006B5BBD /* AppDelegate.h */,
				80879F37241FF977006B5BBD /* AppDelegate.m */,
				80879F39241FF977006B5BBD /* SceneDelegate.h */,
				80879F3A241FF977006B5BBD /* SceneDelegate.m */,
				80879F3C241FF977006B5BBD /* ViewController.h */,
				80879F3D241FF977006B5BBD /* ViewController.m */,
				80879F3F241FF977006B5BBD /* Main.storyboard */,
				80879F42241FF979006B5BBD /* Assets.xcassets */,
				80879F44241FF979006B5BBD /* LaunchScreen.storyboard */,
				80879F47241FF979006B5BBD /* Info.plist */,
				80879F48241FF979006B5BBD /* main.m */,
			);
			path = ObjectiveCMovieDB;
			sourceTree = "<group>";
		};
		C06C189F24228A3B00460D4A /* Movie Details Screen */ = {
			isa = PBXGroup;
			children = (
				C06C18A024228A5700460D4A /* Networking */,
				C06C18A124228A6400460D4A /* Model */,
				C06C18A324228AAE00460D4A /* View */,
				C06C18A224228AA000460D4A /* Controller */,
			);
			path = "Movie Details Screen";
			sourceTree = "<group>";
		};
		C06C18A024228A5700460D4A /* Networking */ = {
			isa = PBXGroup;
			children = (
				C06C18A424228B8E00460D4A /* MovieDetailsAPIRequest.m */,
				C06C18A824228D8800460D4A /* MovieDetailsAPIRequest.h */,
			);
			path = Networking;
			sourceTree = "<group>";
		};
		C06C18A124228A6400460D4A /* Model */ = {
			isa = PBXGroup;
			children = (
				C06C18A624228BA700460D4A /* MovieDetailsModel.m */,
				C06C18A9242291EF00460D4A /* MovieDetailsModel.h */,
			);
			path = Model;
			sourceTree = "<group>";
		};
		C06C18A224228AA000460D4A /* Controller */ = {
			isa = PBXGroup;
			children = (
				C00EB5B724200907000E0D2B /* MovieDetailsViewController.h */,
				C00EB5B824200C70000E0D2B /* MovieDetailsViewController.m */,
			);
			path = Controller;
			sourceTree = "<group>";
		};
		C06C18A324228AAE00460D4A /* View */ = {
			isa = PBXGroup;
			children = (
				C00EB5B52420061F000E0D2B /* MovieDetails.storyboard */,
			);
			path = View;
			sourceTree = "<group>";
		};
/* End PBXGroup section */

/* Begin PBXNativeTarget section */
		80879F32241FF977006B5BBD /* ObjectiveCMovieDB */ = {
			isa = PBXNativeTarget;
			buildConfigurationList = 80879F4C241FF979006B5BBD /* Build configuration list for PBXNativeTarget "ObjectiveCMovieDB" */;
			buildPhases = (
				80879F2F241FF977006B5BBD /* Sources */,
				80879F30241FF977006B5BBD /* Frameworks */,
				80879F31241FF977006B5BBD /* Resources */,
			);
			buildRules = (
			);
			dependencies = (
			);
			name = ObjectiveCMovieDB;
			productName = ObjectiveCMovieDB;
			productReference = 80879F33241FF977006B5BBD /* ObjectiveCMovieDB.app */;
			productType = "com.apple.product-type.application";
		};
/* End PBXNativeTarget section */

/* Begin PBXProject section */
		80879F2B241FF977006B5BBD /* Project object */ = {
			isa = PBXProject;
			attributes = {
				LastUpgradeCheck = 1130;
				ORGANIZATIONNAME = "Henrique Figueiredo Conte";
				TargetAttributes = {
					80879F32241FF977006B5BBD = {
						CreatedOnToolsVersion = 11.3.1;
					};
				};
			};
			buildConfigurationList = 80879F2E241FF977006B5BBD /* Build configuration list for PBXProject "ObjectiveCMovieDB" */;
			compatibilityVersion = "Xcode 9.3";
			developmentRegion = en;
			hasScannedForEncodings = 0;
			knownRegions = (
				en,
				Base,
			);
			mainGroup = 80879F2A241FF977006B5BBD;
			productRefGroup = 80879F34241FF977006B5BBD /* Products */;
			projectDirPath = "";
			projectRoot = "";
			targets = (
				80879F32241FF977006B5BBD /* ObjectiveCMovieDB */,
			);
		};
/* End PBXProject section */

/* Begin PBXResourcesBuildPhase section */
		80879F31241FF977006B5BBD /* Resources */ = {
			isa = PBXResourcesBuildPhase;
			buildActionMask = 2147483647;
			files = (
				C00EB5B62420061F000E0D2B /* MovieDetails.storyboard in Resources */,
				80879F46241FF979006B5BBD /* LaunchScreen.storyboard in Resources */,
				80879F43241FF979006B5BBD /* Assets.xcassets in Resources */,
				80879F41241FF977006B5BBD /* Main.storyboard in Resources */,
			);
			runOnlyForDeploymentPostprocessing = 0;
		};
/* End PBXResourcesBuildPhase section */

/* Begin PBXSourcesBuildPhase section */
		80879F2F241FF977006B5BBD /* Sources */ = {
			isa = PBXSourcesBuildPhase;
			buildActionMask = 2147483647;
			files = (
				C00EB5B924200C70000E0D2B /* MovieDetailsViewController.m in Sources */,
				80879F3E241FF977006B5BBD /* ViewController.m in Sources */,
				80879F38241FF977006B5BBD /* AppDelegate.m in Sources */,
				80879F49241FF979006B5BBD /* main.m in Sources */,
				C06C18A524228B8E00460D4A /* MovieDetailsAPIRequest.m in Sources */,
				C06C18A724228BA700460D4A /* MovieDetailsModel.m in Sources */,
				80879F3B241FF977006B5BBD /* SceneDelegate.m in Sources */,
			);
			runOnlyForDeploymentPostprocessing = 0;
		};
/* End PBXSourcesBuildPhase section */

/* Begin PBXVariantGroup section */
		80879F3F241FF977006B5BBD /* Main.storyboard */ = {
			isa = PBXVariantGroup;
			children = (
				80879F40241FF977006B5BBD /* Base */,
			);
			name = Main.storyboard;
			sourceTree = "<group>";
		};
		80879F44241FF979006B5BBD /* LaunchScreen.storyboard */ = {
			isa = PBXVariantGroup;
			children = (
				80879F45241FF979006B5BBD /* Base */,
			);
			name = LaunchScreen.storyboard;
			sourceTree = "<group>";
		};
/* End PBXVariantGroup section */

/* Begin XCBuildConfiguration section */
		80879F4A241FF979006B5BBD /* Debug */ = {
			isa = XCBuildConfiguration;
			buildSettings = {
				ALWAYS_SEARCH_USER_PATHS = NO;
				CLANG_ANALYZER_NONNULL = YES;
				CLANG_ANALYZER_NUMBER_OBJECT_CONVERSION = YES_AGGRESSIVE;
				CLANG_CXX_LANGUAGE_STANDARD = "gnu++14";
				CLANG_CXX_LIBRARY = "libc++";
				CLANG_ENABLE_MODULES = YES;
				CLANG_ENABLE_OBJC_ARC = YES;
				CLANG_ENABLE_OBJC_WEAK = YES;
				CLANG_WARN_BLOCK_CAPTURE_AUTORELEASING = YES;
				CLANG_WARN_BOOL_CONVERSION = YES;
				CLANG_WARN_COMMA = YES;
				CLANG_WARN_CONSTANT_CONVERSION = YES;
				CLANG_WARN_DEPRECATED_OBJC_IMPLEMENTATIONS = YES;
				CLANG_WARN_DIRECT_OBJC_ISA_USAGE = YES_ERROR;
				CLANG_WARN_DOCUMENTATION_COMMENTS = YES;
				CLANG_WARN_EMPTY_BODY = YES;
				CLANG_WARN_ENUM_CONVERSION = YES;
				CLANG_WARN_INFINITE_RECURSION = YES;
				CLANG_WARN_INT_CONVERSION = YES;
				CLANG_WARN_NON_LITERAL_NULL_CONVERSION = YES;
				CLANG_WARN_OBJC_IMPLICIT_RETAIN_SELF = YES;
				CLANG_WARN_OBJC_LITERAL_CONVERSION = YES;
				CLANG_WARN_OBJC_ROOT_CLASS = YES_ERROR;
				CLANG_WARN_RANGE_LOOP_ANALYSIS = YES;
				CLANG_WARN_STRICT_PROTOTYPES = YES;
				CLANG_WARN_SUSPICIOUS_MOVE = YES;
				CLANG_WARN_UNGUARDED_AVAILABILITY = YES_AGGRESSIVE;
				CLANG_WARN_UNREACHABLE_CODE = YES;
				CLANG_WARN__DUPLICATE_METHOD_MATCH = YES;
				COPY_PHASE_STRIP = NO;
				DEBUG_INFORMATION_FORMAT = dwarf;
				ENABLE_STRICT_OBJC_MSGSEND = YES;
				ENABLE_TESTABILITY = YES;
				GCC_C_LANGUAGE_STANDARD = gnu11;
				GCC_DYNAMIC_NO_PIC = NO;
				GCC_NO_COMMON_BLOCKS = YES;
				GCC_OPTIMIZATION_LEVEL = 0;
				GCC_PREPROCESSOR_DEFINITIONS = (
					"DEBUG=1",
					"$(inherited)",
				);
				GCC_WARN_64_TO_32_BIT_CONVERSION = YES;
				GCC_WARN_ABOUT_RETURN_TYPE = YES_ERROR;
				GCC_WARN_UNDECLARED_SELECTOR = YES;
				GCC_WARN_UNINITIALIZED_AUTOS = YES_AGGRESSIVE;
				GCC_WARN_UNUSED_FUNCTION = YES;
				GCC_WARN_UNUSED_VARIABLE = YES;
				IPHONEOS_DEPLOYMENT_TARGET = 13.2;
				MTL_ENABLE_DEBUG_INFO = INCLUDE_SOURCE;
				MTL_FAST_MATH = YES;
				ONLY_ACTIVE_ARCH = YES;
				SDKROOT = iphoneos;
			};
			name = Debug;
		};
		80879F4B241FF979006B5BBD /* Release */ = {
			isa = XCBuildConfiguration;
			buildSettings = {
				ALWAYS_SEARCH_USER_PATHS = NO;
				CLANG_ANALYZER_NONNULL = YES;
				CLANG_ANALYZER_NUMBER_OBJECT_CONVERSION = YES_AGGRESSIVE;
				CLANG_CXX_LANGUAGE_STANDARD = "gnu++14";
				CLANG_CXX_LIBRARY = "libc++";
				CLANG_ENABLE_MODULES = YES;
				CLANG_ENABLE_OBJC_ARC = YES;
				CLANG_ENABLE_OBJC_WEAK = YES;
				CLANG_WARN_BLOCK_CAPTURE_AUTORELEASING = YES;
				CLANG_WARN_BOOL_CONVERSION = YES;
				CLANG_WARN_COMMA = YES;
				CLANG_WARN_CONSTANT_CONVERSION = YES;
				CLANG_WARN_DEPRECATED_OBJC_IMPLEMENTATIONS = YES;
				CLANG_WARN_DIRECT_OBJC_ISA_USAGE = YES_ERROR;
				CLANG_WARN_DOCUMENTATION_COMMENTS = YES;
				CLANG_WARN_EMPTY_BODY = YES;
				CLANG_WARN_ENUM_CONVERSION = YES;
				CLANG_WARN_INFINITE_RECURSION = YES;
				CLANG_WARN_INT_CONVERSION = YES;
				CLANG_WARN_NON_LITERAL_NULL_CONVERSION = YES;
				CLANG_WARN_OBJC_IMPLICIT_RETAIN_SELF = YES;
				CLANG_WARN_OBJC_LITERAL_CONVERSION = YES;
				CLANG_WARN_OBJC_ROOT_CLASS = YES_ERROR;
				CLANG_WARN_RANGE_LOOP_ANALYSIS = YES;
				CLANG_WARN_STRICT_PROTOTYPES = YES;
				CLANG_WARN_SUSPICIOUS_MOVE = YES;
				CLANG_WARN_UNGUARDED_AVAILABILITY = YES_AGGRESSIVE;
				CLANG_WARN_UNREACHABLE_CODE = YES;
				CLANG_WARN__DUPLICATE_METHOD_MATCH = YES;
				COPY_PHASE_STRIP = NO;
				DEBUG_INFORMATION_FORMAT = "dwarf-with-dsym";
				ENABLE_NS_ASSERTIONS = NO;
				ENABLE_STRICT_OBJC_MSGSEND = YES;
				GCC_C_LANGUAGE_STANDARD = gnu11;
				GCC_NO_COMMON_BLOCKS = YES;
				GCC_WARN_64_TO_32_BIT_CONVERSION = YES;
				GCC_WARN_ABOUT_RETURN_TYPE = YES_ERROR;
				GCC_WARN_UNDECLARED_SELECTOR = YES;
				GCC_WARN_UNINITIALIZED_AUTOS = YES_AGGRESSIVE;
				GCC_WARN_UNUSED_FUNCTION = YES;
				GCC_WARN_UNUSED_VARIABLE = YES;
				IPHONEOS_DEPLOYMENT_TARGET = 13.2;
				MTL_ENABLE_DEBUG_INFO = NO;
				MTL_FAST_MATH = YES;
				SDKROOT = iphoneos;
				VALIDATE_PRODUCT = YES;
			};
			name = Release;
		};
		80879F4D241FF979006B5BBD /* Debug */ = {
			isa = XCBuildConfiguration;
			buildSettings = {
				ASSETCATALOG_COMPILER_APPICON_NAME = AppIcon;
				CODE_SIGN_STYLE = Automatic;
				DEVELOPMENT_TEAM = 4NP5AK64M5;
				INFOPLIST_FILE = ObjectiveCMovieDB/Info.plist;
				LD_RUNPATH_SEARCH_PATHS = (
					"$(inherited)",
					"@executable_path/Frameworks",
				);
				PRODUCT_BUNDLE_IDENTIFIER = henriqueConte.ObjectiveCMovieDB;
				PRODUCT_NAME = "$(TARGET_NAME)";
				TARGETED_DEVICE_FAMILY = "1,2";
			};
			name = Debug;
		};
		80879F4E241FF979006B5BBD /* Release */ = {
			isa = XCBuildConfiguration;
			buildSettings = {
				ASSETCATALOG_COMPILER_APPICON_NAME = AppIcon;
				CODE_SIGN_STYLE = Automatic;
				DEVELOPMENT_TEAM = 4NP5AK64M5;
				INFOPLIST_FILE = ObjectiveCMovieDB/Info.plist;
				LD_RUNPATH_SEARCH_PATHS = (
					"$(inherited)",
					"@executable_path/Frameworks",
				);
				PRODUCT_BUNDLE_IDENTIFIER = henriqueConte.ObjectiveCMovieDB;
				PRODUCT_NAME = "$(TARGET_NAME)";
				TARGETED_DEVICE_FAMILY = "1,2";
			};
			name = Release;
		};
/* End XCBuildConfiguration section */

/* Begin XCConfigurationList section */
		80879F2E241FF977006B5BBD /* Build configuration list for PBXProject "ObjectiveCMovieDB" */ = {
			isa = XCConfigurationList;
			buildConfigurations = (
				80879F4A241FF979006B5BBD /* Debug */,
				80879F4B241FF979006B5BBD /* Release */,
			);
			defaultConfigurationIsVisible = 0;
			defaultConfigurationName = Release;
		};
		80879F4C241FF979006B5BBD /* Build configuration list for PBXNativeTarget "ObjectiveCMovieDB" */ = {
			isa = XCConfigurationList;
			buildConfigurations = (
				80879F4D241FF979006B5BBD /* Debug */,
				80879F4E241FF979006B5BBD /* Release */,
			);
			defaultConfigurationIsVisible = 0;
			defaultConfigurationName = Release;
		};
/* End XCConfigurationList section */
	};
	rootObject = 80879F2B241FF977006B5BBD /* Project object */;
}
